
Microsoft Visual Studio Solution File, Format Version 12.00
# Visual Studio 15
VisualStudioVersion = 15.0.27130.2036
MinimumVisualStudioVersion = 10.0.40219.1
Project("{8BC9CEB8-8B4A-11D0-8D11-00A0C91BC942}") = "kognac-core", "kognac\kognac.vcxproj", "{BABD2714-E403-4355-9116-C1A92ED31E63}"
EndProject
Project("{8BC9CEB8-8B4A-11D0-8D11-00A0C91BC942}") = "kognac", "kognac_prj\kognac_prj.vcxproj", "{25C1C1EF-157C-4A48-8BB7-67B3781F295B}"
	ProjectSection(ProjectDependencies) = postProject
		{BABD2714-E403-4355-9116-C1A92ED31E63} = {BABD2714-E403-4355-9116-C1A92ED31E63}
	EndProjectSection
EndProject
Project("{8BC9CEB8-8B4A-11D0-8D11-00A0C91BC942}") = "kognac-tests", "kognac-tests\kognac-tests.vcxproj", "{29F47649-A9A2-470A-A4DA-B88F635F626E}"
EndProject
Global
	GlobalSection(SolutionConfigurationPlatforms) = preSolution
		Debug|x64 = Debug|x64
		Debug|x86 = Debug|x86
		Release|x64 = Release|x64
		Release|x86 = Release|x86
	EndGlobalSection
	GlobalSection(ProjectConfigurationPlatforms) = postSolution
		{BABD2714-E403-4355-9116-C1A92ED31E63}.Debug|x64.ActiveCfg = Debug|x64
		{BABD2714-E403-4355-9116-C1A92ED31E63}.Debug|x64.Build.0 = Debug|x64
		{BABD2714-E403-4355-9116-C1A92ED31E63}.Debug|x86.ActiveCfg = Debug|Win32
		{BABD2714-E403-4355-9116-C1A92ED31E63}.Debug|x86.Build.0 = Debug|Win32
		{BABD2714-E403-4355-9116-C1A92ED31E63}.Release|x64.ActiveCfg = Release|x64
		{BABD2714-E403-4355-9116-C1A92ED31E63}.Release|x64.Build.0 = Release|x64
		{BABD2714-E403-4355-9116-C1A92ED31E63}.Release|x86.ActiveCfg = Release|Win32
		{BABD2714-E403-4355-9116-C1A92ED31E63}.Release|x86.Build.0 = Release|Win32
		{25C1C1EF-157C-4A48-8BB7-67B3781F295B}.Debug|x64.ActiveCfg = Debug|x64
		{25C1C1EF-157C-4A48-8BB7-67B3781F295B}.Debug|x64.Build.0 = Debug|x64
		{25C1C1EF-157C-4A48-8BB7-67B3781F295B}.Debug|x86.ActiveCfg = Debug|Win32
		{25C1C1EF-157C-4A48-8BB7-67B3781F295B}.Debug|x86.Build.0 = Debug|Win32
		{25C1C1EF-157C-4A48-8BB7-67B3781F295B}.Release|x64.ActiveCfg = Release|x64
		{25C1C1EF-157C-4A48-8BB7-67B3781F295B}.Release|x64.Build.0 = Release|x64
		{25C1C1EF-157C-4A48-8BB7-67B3781F295B}.Release|x86.ActiveCfg = Release|Win32
		{25C1C1EF-157C-4A48-8BB7-67B3781F295B}.Release|x86.Build.0 = Release|Win32
		{29F47649-A9A2-470A-A4DA-B88F635F626E}.Debug|x64.ActiveCfg = Debug|x64
		{29F47649-A9A2-470A-A4DA-B88F635F626E}.Debug|x64.Build.0 = Debug|x64
		{29F47649-A9A2-470A-A4DA-B88F635F626E}.Debug|x86.ActiveCfg = Debug|Win32
		{29F47649-A9A2-470A-A4DA-B88F635F626E}.Debug|x86.Build.0 = Debug|Win32
		{29F47649-A9A2-470A-A4DA-B88F635F626E}.Release|x64.ActiveCfg = Release|x64
		{29F47649-A9A2-470A-A4DA-B88F635F626E}.Release|x64.Build.0 = Release|x64
		{29F47649-A9A2-470A-A4DA-B88F635F626E}.Release|x86.ActiveCfg = Release|Win32
		{29F47649-A9A2-470A-A4DA-B88F635F626E}.Release|x86.Build.0 = Release|Win32
	EndGlobalSection
	GlobalSection(SolutionProperties) = preSolution
		HideSolutionNode = FALSE
	EndGlobalSection
	GlobalSection(ExtensibilityGlobals) = postSolution
		SolutionGuid = {B3567010-7C69-4910-A4AB-ECA984068B43}
	EndGlobalSection
EndGlobal
